
Microsoft Visual Studio Solution File, Format Version 12.00
# Visual Studio Version 16
VisualStudioVersion = 16.0.29911.84
MinimumVisualStudioVersion = 10.0.40219.1
Project("{FAE04EC0-301F-11D3-BF4B-00C04F79EFBC}") = "CsharpGame.Engine", "CsharpGame.Engine\CsharpGame.Engine.csproj", "{BCC63FF7-CD58-4BB8-BDB0-9A5875DB19A5}"
EndProject
Project("{FAE04EC0-301F-11D3-BF4B-00C04F79EFBC}") = "CsharpGame.Test", "CsharpGame.Test\CsharpGame.Test.csproj", "{6CA3FCCA-9FE4-476E-AE9F-B4065663A748}"
EndProject
Project("{FAE04EC0-301F-11D3-BF4B-00C04F79EFBC}") = "CSharpGame.PingPong", "CSharpGame.PingPong\CSharpGame.PingPong.csproj", "{8AE7C682-7A17-41E9-84E5-1D26FBAF8038}"
EndProject
Global
	GlobalSection(SolutionConfigurationPlatforms) = preSolution
		Debug|Any CPU = Debug|Any CPU
		Release|Any CPU = Release|Any CPU
	EndGlobalSection
	GlobalSection(ProjectConfigurationPlatforms) = postSolution
		{BCC63FF7-CD58-4BB8-BDB0-9A5875DB19A5}.Debug|Any CPU.ActiveCfg = Debug|Any CPU
		{BCC63FF7-CD58-4BB8-BDB0-9A5875DB19A5}.Debug|Any CPU.Build.0 = Debug|Any CPU
		{BCC63FF7-CD58-4BB8-BDB0-9A5875DB19A5}.Release|Any CPU.ActiveCfg = Release|Any CPU
		{BCC63FF7-CD58-4BB8-BDB0-9A5875DB19A5}.Release|Any CPU.Build.0 = Release|Any CPU
		{6CA3FCCA-9FE4-476E-AE9F-B4065663A748}.Debug|Any CPU.ActiveCfg = Debug|Any CPU
		{6CA3FCCA-9FE4-476E-AE9F-B4065663A748}.Debug|Any CPU.Build.0 = Debug|Any CPU
		{6CA3FCCA-9FE4-476E-AE9F-B4065663A748}.Release|Any CPU.ActiveCfg = Release|Any CPU
		{6CA3FCCA-9FE4-476E-AE9F-B4065663A748}.Release|Any CPU.Build.0 = Release|Any CPU
		{8AE7C682-7A17-41E9-84E5-1D26FBAF8038}.Debug|Any CPU.ActiveCfg = Debug|Any CPU
		{8AE7C682-7A17-41E9-84E5-1D26FBAF8038}.Debug|Any CPU.Build.0 = Debug|Any CPU
		{8AE7C682-7A17-41E9-84E5-1D26FBAF8038}.Release|Any CPU.ActiveCfg = Release|Any CPU
		{8AE7C682-7A17-41E9-84E5-1D26FBAF8038}.Release|Any CPU.Build.0 = Release|Any CPU
	EndGlobalSection
	GlobalSection(SolutionProperties) = preSolution
		HideSolutionNode = FALSE
	EndGlobalSection
	GlobalSection(ExtensibilityGlobals) = postSolution
		SolutionGuid = {639AA14B-E0A4-4075-8792-95999EE0DFB8}
	EndGlobalSection
EndGlobal
