
Microsoft Visual Studio Solution File, Format Version 12.00
# Visual Studio Version 16
VisualStudioVersion = 16.0.30002.166
MinimumVisualStudioVersion = 10.0.40219.1
Project("{FAE04EC0-301F-11D3-BF4B-00C04F79EFBC}") = "Empty", "Empty\Empty.csproj", "{E1B6E938-B3C6-4882-83CA-4476A7ED5BF6}"
EndProject
Global
	GlobalSection(SolutionConfigurationPlatforms) = preSolution
		Debug|Any CPU = Debug|Any CPU
		Release|Any CPU = Release|Any CPU
	EndGlobalSection
	GlobalSection(ProjectConfigurationPlatforms) = postSolution
		{E1B6E938-B3C6-4882-83CA-4476A7ED5BF6}.Debug|Any CPU.ActiveCfg = Debug|Any CPU
		{E1B6E938-B3C6-4882-83CA-4476A7ED5BF6}.Debug|Any CPU.Build.0 = Debug|Any CPU
		{E1B6E938-B3C6-4882-83CA-4476A7ED5BF6}.Release|Any CPU.ActiveCfg = Release|Any CPU
		{E1B6E938-B3C6-4882-83CA-4476A7ED5BF6}.Release|Any CPU.Build.0 = Release|Any CPU
	EndGlobalSection
	GlobalSection(SolutionProperties) = preSolution
		HideSolutionNode = FALSE
	EndGlobalSection
	GlobalSection(ExtensibilityGlobals) = postSolution
		SolutionGuid = {05F98794-35DF-4836-AB08-C538B84CEB38}
	EndGlobalSection
EndGlobal
